
Microsoft Visual Studio Solution File, Format Version 12.00
# Visual Studio Version 17
VisualStudioVersion = 17.10.35122.118
MinimumVisualStudioVersion = 10.0.40219.1
Project("{FAE04EC0-301F-11D3-BF4B-00C04F79EFBC}") = "DbUtil", "Database\DbUtil.csproj", "{67B30BAE-A553-415A-85EC-FC4A9089D5D0}"
EndProject
Global
	GlobalSection(SolutionConfigurationPlatforms) = preSolution
		Debug|Any CPU = Debug|Any CPU
		Release|Any CPU = Release|Any CPU
	EndGlobalSection
	GlobalSection(ProjectConfigurationPlatforms) = postSolution
		{67B30BAE-A553-415A-85EC-FC4A9089D5D0}.Debug|Any CPU.ActiveCfg = Debug|Any CPU
		{67B30BAE-A553-415A-85EC-FC4A9089D5D0}.Debug|Any CPU.Build.0 = Debug|Any CPU
		{67B30BAE-A553-415A-85EC-FC4A9089D5D0}.Release|Any CPU.ActiveCfg = Release|Any CPU
		{67B30BAE-A553-415A-85EC-FC4A9089D5D0}.Release|Any CPU.Build.0 = Release|Any CPU
	EndGlobalSection
	GlobalSection(SolutionProperties) = preSolution
		HideSolutionNode = FALSE
	EndGlobalSection
	GlobalSection(ExtensibilityGlobals) = postSolution
		SolutionGuid = {7D8CBF6B-95CC-4CC8-B802-1F3AE48EF3DB}
	EndGlobalSection
EndGlobal
